// !$*UTF8*$!
{
	archiveVersion = 1;
	classes = {
	};
	objectVersion = 56;
	objects = {

/* Begin PBXBuildFile section */
		13884F032A929F240093778B /* AppDelegate.swift in Sources */ = {isa = PBXBuildFile; fileRef = 13884F022A929F240093778B /* AppDelegate.swift */; };
		13884F052A929F240093778B /* SceneDelegate.swift in Sources */ = {isa = PBXBuildFile; fileRef = 13884F042A929F240093778B /* SceneDelegate.swift */; };
		13884F072A929F240093778B /* ViewController.swift in Sources */ = {isa = PBXBuildFile; fileRef = 13884F062A929F240093778B /* ViewController.swift */; };
		13884F0A2A929F240093778B /* Main.storyboard in Resources */ = {isa = PBXBuildFile; fileRef = 13884F082A929F240093778B /* Main.storyboard */; };
		13884F0D2A929F240093778B /* NewsM.xcdatamodeld in Sources */ = {isa = PBXBuildFile; fileRef = 13884F0B2A929F240093778B /* NewsM.xcdatamodeld */; };
		13884F0F2A929F250093778B /* Assets.xcassets in Resources */ = {isa = PBXBuildFile; fileRef = 13884F0E2A929F250093778B /* Assets.xcassets */; };
		13884F122A929F250093778B /* LaunchScreen.storyboard in Resources */ = {isa = PBXBuildFile; fileRef = 13884F102A929F250093778B /* LaunchScreen.storyboard */; };
		13884F1D2A929F250093778B /* NewsMTests.swift in Sources */ = {isa = PBXBuildFile; fileRef = 13884F1C2A929F250093778B /* NewsMTests.swift */; };
		13884F272A929F250093778B /* NewsMUITests.swift in Sources */ = {isa = PBXBuildFile; fileRef = 13884F262A929F250093778B /* NewsMUITests.swift */; };
		13884F292A929F250093778B /* NewsMUITestsLaunchTests.swift in Sources */ = {isa = PBXBuildFile; fileRef = 13884F282A929F250093778B /* NewsMUITestsLaunchTests.swift */; };
/* End PBXBuildFile section */

/* Begin PBXContainerItemProxy section */
		13884F192A929F250093778B /* PBXContainerItemProxy */ = {
			isa = PBXContainerItemProxy;
			containerPortal = 13884EF72A929F240093778B /* Project object */;
			proxyType = 1;
			remoteGlobalIDString = 13884EFE2A929F240093778B;
			remoteInfo = NewsM;
		};
		13884F232A929F250093778B /* PBXContainerItemProxy */ = {
			isa = PBXContainerItemProxy;
			containerPortal = 13884EF72A929F240093778B /* Project object */;
			proxyType = 1;
			remoteGlobalIDString = 13884EFE2A929F240093778B;
			remoteInfo = NewsM;
		};
/* End PBXContainerItemProxy section */

/* Begin PBXFileReference section */
		13884EFF2A929F240093778B /* NewsM.app */ = {isa = PBXFileReference; explicitFileType = wrapper.application; includeInIndex = 0; path = NewsM.app; sourceTree = BUILT_PRODUCTS_DIR; };
		13884F022A929F240093778B /* AppDelegate.swift */ = {isa = PBXFileReference; lastKnownFileType = sourcecode.swift; path = AppDelegate.swift; sourceTree = "<group>"; };
		13884F042A929F240093778B /* SceneDelegate.swift */ = {isa = PBXFileReference; lastKnownFileType = sourcecode.swift; path = SceneDelegate.swift; sourceTree = "<group>"; };
		13884F062A929F240093778B /* ViewController.swift */ = {isa = PBXFileReference; lastKnownFileType = sourcecode.swift; path = ViewController.swift; sourceTree = "<group>"; };
		13884F092A929F240093778B /* Base */ = {isa = PBXFileReference; lastKnownFileType = file.storyboard; name = Base; path = Base.lproj/Main.storyboard; sourceTree = "<group>"; };
		13884F0C2A929F240093778B /* NewsM.xcdatamodel */ = {isa = PBXFileReference; lastKnownFileType = wrapper.xcdatamodel; path = NewsM.xcdatamodel; sourceTree = "<group>"; };
		13884F0E2A929F250093778B /* Assets.xcassets */ = {isa = PBXFileReference; lastKnownFileType = folder.assetcatalog; path = Assets.xcassets; sourceTree = "<group>"; };
		13884F112A929F250093778B /* Base */ = {isa = PBXFileReference; lastKnownFileType = file.storyboard; name = Base; path = Base.lproj/LaunchScreen.storyboard; sourceTree = "<group>"; };
		13884F132A929F250093778B /* Info.plist */ = {isa = PBXFileReference; lastKnownFileType = text.plist.xml; path = Info.plist; sourceTree = "<group>"; };
		13884F182A929F250093778B /* NewsMTests.xctest */ = {isa = PBXFileReference; explicitFileType = wrapper.cfbundle; includeInIndex = 0; path = NewsMTests.xctest; sourceTree = BUILT_PRODUCTS_DIR; };
		13884F1C2A929F250093778B /* NewsMTests.swift */ = {isa = PBXFileReference; lastKnownFileType = sourcecode.swift; path = NewsMTests.swift; sourceTree = "<group>"; };
		13884F222A929F250093778B /* NewsMUITests.xctest */ = {isa = PBXFileReference; explicitFileType = wrapper.cfbundle; includeInIndex = 0; path = NewsMUITests.xctest; sourceTree = BUILT_PRODUCTS_DIR; };
		13884F262A929F250093778B /* NewsMUITests.swift */ = {isa = PBXFileReference; lastKnownFileType = sourcecode.swift; path = NewsMUITests.swift; sourceTree = "<group>"; };
		13884F282A929F250093778B /* NewsMUITestsLaunchTests.swift */ = {isa = PBXFileReference; lastKnownFileType = sourcecode.swift; path = NewsMUITestsLaunchTests.swift; sourceTree = "<group>"; };
/* End PBXFileReference section */

/* Begin PBXFrameworksBuildPhase section */
		13884EFC2A929F240093778B /* Frameworks */ = {
			isa = PBXFrameworksBuildPhase;
			buildActionMask = 2147483647;
			files = (
			);
			runOnlyForDeploymentPostprocessing = 0;
		};
		13884F152A929F250093778B /* Frameworks */ = {
			isa = PBXFrameworksBuildPhase;
			buildActionMask = 2147483647;
			files = (
			);
			runOnlyForDeploymentPostprocessing = 0;
		};
		13884F1F2A929F250093778B /* Frameworks */ = {
			isa = PBXFrameworksBuildPhase;
			buildActionMask = 2147483647;
			files = (
			);
			runOnlyForDeploymentPostprocessing = 0;
		};
/* End PBXFrameworksBuildPhase section */

/* Begin PBXGroup section */
		13884EF62A929F240093778B = {
			isa = PBXGroup;
			children = (
				13884F012A929F240093778B /* NewsM */,
				13884F1B2A929F250093778B /* NewsMTests */,
				13884F252A929F250093778B /* NewsMUITests */,
				13884F002A929F240093778B /* Products */,
			);
			sourceTree = "<group>";
		};
		13884F002A929F240093778B /* Products */ = {
			isa = PBXGroup;
			children = (
				13884EFF2A929F240093778B /* NewsM.app */,
				13884F182A929F250093778B /* NewsMTests.xctest */,
				13884F222A929F250093778B /* NewsMUITests.xctest */,
			);
			name = Products;
			sourceTree = "<group>";
		};
		13884F012A929F240093778B /* NewsM */ = {
			isa = PBXGroup;
			children = (
				13884F022A929F240093778B /* AppDelegate.swift */,
				13884F042A929F240093778B /* SceneDelegate.swift */,
				13884F062A929F240093778B /* ViewController.swift */,
				13884F082A929F240093778B /* Main.storyboard */,
				13884F0E2A929F250093778B /* Assets.xcassets */,
				13884F102A929F250093778B /* LaunchScreen.storyboard */,
				13884F132A929F250093778B /* Info.plist */,
				13884F0B2A929F240093778B /* NewsM.xcdatamodeld */,
			);
			path = NewsM;
			sourceTree = "<group>";
		};
		13884F1B2A929F250093778B /* NewsMTests */ = {
			isa = PBXGroup;
			children = (
				13884F1C2A929F250093778B /* NewsMTests.swift */,
			);
			path = NewsMTests;
			sourceTree = "<group>";
		};
		13884F252A929F250093778B /* NewsMUITests */ = {
			isa = PBXGroup;
			children = (
				13884F262A929F250093778B /* NewsMUITests.swift */,
				13884F282A929F250093778B /* NewsMUITestsLaunchTests.swift */,
			);
			path = NewsMUITests;
			sourceTree = "<group>";
		};
/* End PBXGroup section */

/* Begin PBXNativeTarget section */
		13884EFE2A929F240093778B /* NewsM */ = {
			isa = PBXNativeTarget;
			buildConfigurationList = 13884F2C2A929F250093778B /* Build configuration list for PBXNativeTarget "NewsM" */;
			buildPhases = (
				13884EFB2A929F240093778B /* Sources */,
				13884EFC2A929F240093778B /* Frameworks */,
				13884EFD2A929F240093778B /* Resources */,
			);
			buildRules = (
			);
			dependencies = (
			);
			name = NewsM;
			productName = NewsM;
			productReference = 13884EFF2A929F240093778B /* NewsM.app */;
			productType = "com.apple.product-type.application";
		};
		13884F172A929F250093778B /* NewsMTests */ = {
			isa = PBXNativeTarget;
			buildConfigurationList = 13884F2F2A929F250093778B /* Build configuration list for PBXNativeTarget "NewsMTests" */;
			buildPhases = (
				13884F142A929F250093778B /* Sources */,
				13884F152A929F250093778B /* Frameworks */,
				13884F162A929F250093778B /* Resources */,
			);
			buildRules = (
			);
			dependencies = (
				13884F1A2A929F250093778B /* PBXTargetDependency */,
			);
			name = NewsMTests;
			productName = NewsMTests;
			productReference = 13884F182A929F250093778B /* NewsMTests.xctest */;
			productType = "com.apple.product-type.bundle.unit-test";
		};
		13884F212A929F250093778B /* NewsMUITests */ = {
			isa = PBXNativeTarget;
			buildConfigurationList = 13884F322A929F250093778B /* Build configuration list for PBXNativeTarget "NewsMUITests" */;
			buildPhases = (
				13884F1E2A929F250093778B /* Sources */,
				13884F1F2A929F250093778B /* Frameworks */,
				13884F202A929F250093778B /* Resources */,
			);
			buildRules = (
			);
			dependencies = (
				13884F242A929F250093778B /* PBXTargetDependency */,
			);
			name = NewsMUITests;
			productName = NewsMUITests;
			productReference = 13884F222A929F250093778B /* NewsMUITests.xctest */;
			productType = "com.apple.product-type.bundle.ui-testing";
		};
/* End PBXNativeTarget section */

/* Begin PBXProject section */
		13884EF72A929F240093778B /* Project object */ = {
			isa = PBXProject;
			attributes = {
				BuildIndependentTargetsInParallel = 1;
				LastSwiftUpdateCheck = 1430;
				LastUpgradeCheck = 1430;
				TargetAttributes = {
					13884EFE2A929F240093778B = {
						CreatedOnToolsVersion = 14.3.1;
					};
					13884F172A929F250093778B = {
						CreatedOnToolsVersion = 14.3.1;
						TestTargetID = 13884EFE2A929F240093778B;
					};
					13884F212A929F250093778B = {
						CreatedOnToolsVersion = 14.3.1;
						TestTargetID = 13884EFE2A929F240093778B;
					};
				};
			};
			buildConfigurationList = 13884EFA2A929F240093778B /* Build configuration list for PBXProject "NewsM" */;
			compatibilityVersion = "Xcode 14.0";
			developmentRegion = en;
			hasScannedForEncodings = 0;
			knownRegions = (
				en,
				Base,
			);
			mainGroup = 13884EF62A929F240093778B;
			productRefGroup = 13884F002A929F240093778B /* Products */;
			projectDirPath = "";
			projectRoot = "";
			targets = (
				13884EFE2A929F240093778B /* NewsM */,
				13884F172A929F250093778B /* NewsMTests */,
				13884F212A929F250093778B /* NewsMUITests */,
			);
		};
/* End PBXProject section */

/* Begin PBXResourcesBuildPhase section */
		13884EFD2A929F240093778B /* Resources */ = {
			isa = PBXResourcesBuildPhase;
			buildActionMask = 2147483647;
			files = (
				13884F122A929F250093778B /* LaunchScreen.storyboard in Resources */,
				13884F0F2A929F250093778B /* Assets.xcassets in Resources */,
				13884F0A2A929F240093778B /* Main.storyboard in Resources */,
			);
			runOnlyForDeploymentPostprocessing = 0;
		};
		13884F162A929F250093778B /* Resources */ = {
			isa = PBXResourcesBuildPhase;
			buildActionMask = 2147483647;
			files = (
			);
			runOnlyForDeploymentPostprocessing = 0;
		};
		13884F202A929F250093778B /* Resources */ = {
			isa = PBXResourcesBuildPhase;
			buildActionMask = 2147483647;
			files = (
			);
			runOnlyForDeploymentPostprocessing = 0;
		};
/* End PBXResourcesBuildPhase section */

/* Begin PBXSourcesBuildPhase section */
		13884EFB2A929F240093778B /* Sources */ = {
			isa = PBXSourcesBuildPhase;
			buildActionMask = 2147483647;
			files = (
				13884F0D2A929F240093778B /* NewsM.xcdatamodeld in Sources */,
				13884F072A929F240093778B /* ViewController.swift in Sources */,
				13884F032A929F240093778B /* AppDelegate.swift in Sources */,
				13884F052A929F240093778B /* SceneDelegate.swift in Sources */,
			);
			runOnlyForDeploymentPostprocessing = 0;
		};
		13884F142A929F250093778B /* Sources */ = {
			isa = PBXSourcesBuildPhase;
			buildActionMask = 2147483647;
			files = (
				13884F1D2A929F250093778B /* NewsMTests.swift in Sources */,
			);
			runOnlyForDeploymentPostprocessing = 0;
		};
		13884F1E2A929F250093778B /* Sources */ = {
			isa = PBXSourcesBuildPhase;
			buildActionMask = 2147483647;
			files = (
				13884F272A929F250093778B /* NewsMUITests.swift in Sources */,
				13884F292A929F250093778B /* NewsMUITestsLaunchTests.swift in Sources */,
			);
			runOnlyForDeploymentPostprocessing = 0;
		};
/* End PBXSourcesBuildPhase section */

/* Begin PBXTargetDependency section */
		13884F1A2A929F250093778B /* PBXTargetDependency */ = {
			isa = PBXTargetDependency;
			target = 13884EFE2A929F240093778B /* NewsM */;
			targetProxy = 13884F192A929F250093778B /* PBXContainerItemProxy */;
		};
		13884F242A929F250093778B /* PBXTargetDependency */ = {
			isa = PBXTargetDependency;
			target = 13884EFE2A929F240093778B /* NewsM */;
			targetProxy = 13884F232A929F250093778B /* PBXContainerItemProxy */;
		};
/* End PBXTargetDependency section */

/* Begin PBXVariantGroup section */
		13884F082A929F240093778B /* Main.storyboard */ = {
			isa = PBXVariantGroup;
			children = (
				13884F092A929F240093778B /* Base */,
			);
			name = Main.storyboard;
			sourceTree = "<group>";
		};
		13884F102A929F250093778B /* LaunchScreen.storyboard */ = {
			isa = PBXVariantGroup;
			children = (
				13884F112A929F250093778B /* Base */,
			);
			name = LaunchScreen.storyboard;
			sourceTree = "<group>";
		};
/* End PBXVariantGroup section */

/* Begin XCBuildConfiguration section */
		13884F2A2A929F250093778B /* Debug */ = {
			isa = XCBuildConfiguration;
			buildSettings = {
				ALWAYS_SEARCH_USER_PATHS = NO;
				CLANG_ANALYZER_NONNULL = YES;
				CLANG_ANALYZER_NUMBER_OBJECT_CONVERSION = YES_AGGRESSIVE;
				CLANG_CXX_LANGUAGE_STANDARD = "gnu++20";
				CLANG_ENABLE_MODULES = YES;
				CLANG_ENABLE_OBJC_ARC = YES;
				CLANG_ENABLE_OBJC_WEAK = YES;
				CLANG_WARN_BLOCK_CAPTURE_AUTORELEASING = YES;
				CLANG_WARN_BOOL_CONVERSION = YES;
				CLANG_WARN_COMMA = YES;
				CLANG_WARN_CONSTANT_CONVERSION = YES;
				CLANG_WARN_DEPRECATED_OBJC_IMPLEMENTATIONS = YES;
				CLANG_WARN_DIRECT_OBJC_ISA_USAGE = YES_ERROR;
				CLANG_WARN_DOCUMENTATION_COMMENTS = YES;
				CLANG_WARN_EMPTY_BODY = YES;
				CLANG_WARN_ENUM_CONVERSION = YES;
				CLANG_WARN_INFINITE_RECURSION = YES;
				CLANG_WARN_INT_CONVERSION = YES;
				CLANG_WARN_NON_LITERAL_NULL_CONVERSION = YES;
				CLANG_WARN_OBJC_IMPLICIT_RETAIN_SELF = YES;
				CLANG_WARN_OBJC_LITERAL_CONVERSION = YES;
				CLANG_WARN_OBJC_ROOT_CLASS = YES_ERROR;
				CLANG_WARN_QUOTED_INCLUDE_IN_FRAMEWORK_HEADER = YES;
				CLANG_WARN_RANGE_LOOP_ANALYSIS = YES;
				CLANG_WARN_STRICT_PROTOTYPES = YES;
				CLANG_WARN_SUSPICIOUS_MOVE = YES;
				CLANG_WARN_UNGUARDED_AVAILABILITY = YES_AGGRESSIVE;
				CLANG_WARN_UNREACHABLE_CODE = YES;
				CLANG_WARN__DUPLICATE_METHOD_MATCH = YES;
				COPY_PHASE_STRIP = NO;
				DEBUG_INFORMATION_FORMAT = dwarf;
				ENABLE_STRICT_OBJC_MSGSEND = YES;
				ENABLE_TESTABILITY = YES;
				GCC_C_LANGUAGE_STANDARD = gnu11;
				GCC_DYNAMIC_NO_PIC = NO;
				GCC_NO_COMMON_BLOCKS = YES;
				GCC_OPTIMIZATION_LEVEL = 0;
				GCC_PREPROCESSOR_DEFINITIONS = (
					"DEBUG=1",
					"$(inherited)",
				);
				GCC_WARN_64_TO_32_BIT_CONVERSION = YES;
				GCC_WARN_ABOUT_RETURN_TYPE = YES_ERROR;
				GCC_WARN_UNDECLARED_SELECTOR = YES;
				GCC_WARN_UNINITIALIZED_AUTOS = YES_AGGRESSIVE;
				GCC_WARN_UNUSED_FUNCTION = YES;
				GCC_WARN_UNUSED_VARIABLE = YES;
				IPHONEOS_DEPLOYMENT_TARGET = 16.4;
				MTL_ENABLE_DEBUG_INFO = INCLUDE_SOURCE;
				MTL_FAST_MATH = YES;
				ONLY_ACTIVE_ARCH = YES;
				SDKROOT = iphoneos;
				SWIFT_ACTIVE_COMPILATION_CONDITIONS = DEBUG;
				SWIFT_OPTIMIZATION_LEVEL = "-Onone";
			};
			name = Debug;
		};
		13884F2B2A929F250093778B /* Release */ = {
			isa = XCBuildConfiguration;
			buildSettings = {
				ALWAYS_SEARCH_USER_PATHS = NO;
				CLANG_ANALYZER_NONNULL = YES;
				CLANG_ANALYZER_NUMBER_OBJECT_CONVERSION = YES_AGGRESSIVE;
				CLANG_CXX_LANGUAGE_STANDARD = "gnu++20";
				CLANG_ENABLE_MODULES = YES;
				CLANG_ENABLE_OBJC_ARC = YES;
				CLANG_ENABLE_OBJC_WEAK = YES;
				CLANG_WARN_BLOCK_CAPTURE_AUTORELEASING = YES;
				CLANG_WARN_BOOL_CONVERSION = YES;
				CLANG_WARN_COMMA = YES;
				CLANG_WARN_CONSTANT_CONVERSION = YES;
				CLANG_WARN_DEPRECATED_OBJC_IMPLEMENTATIONS = YES;
				CLANG_WARN_DIRECT_OBJC_ISA_USAGE = YES_ERROR;
				CLANG_WARN_DOCUMENTATION_COMMENTS = YES;
				CLANG_WARN_EMPTY_BODY = YES;
				CLANG_WARN_ENUM_CONVERSION = YES;
				CLANG_WARN_INFINITE_RECURSION = YES;
				CLANG_WARN_INT_CONVERSION = YES;
				CLANG_WARN_NON_LITERAL_NULL_CONVERSION = YES;
				CLANG_WARN_OBJC_IMPLICIT_RETAIN_SELF = YES;
				CLANG_WARN_OBJC_LITERAL_CONVERSION = YES;
				CLANG_WARN_OBJC_ROOT_CLASS = YES_ERROR;
				CLANG_WARN_QUOTED_INCLUDE_IN_FRAMEWORK_HEADER = YES;
				CLANG_WARN_RANGE_LOOP_ANALYSIS = YES;
				CLANG_WARN_STRICT_PROTOTYPES = YES;
				CLANG_WARN_SUSPICIOUS_MOVE = YES;
				CLANG_WARN_UNGUARDED_AVAILABILITY = YES_AGGRESSIVE;
				CLANG_WARN_UNREACHABLE_CODE = YES;
				CLANG_WARN__DUPLICATE_METHOD_MATCH = YES;
				COPY_PHASE_STRIP = NO;
				DEBUG_INFORMATION_FORMAT = "dwarf-with-dsym";
				ENABLE_NS_ASSERTIONS = NO;
				ENABLE_STRICT_OBJC_MSGSEND = YES;
				GCC_C_LANGUAGE_STANDARD = gnu11;
				GCC_NO_COMMON_BLOCKS = YES;
				GCC_WARN_64_TO_32_BIT_CONVERSION = YES;
				GCC_WARN_ABOUT_RETURN_TYPE = YES_ERROR;
				GCC_WARN_UNDECLARED_SELECTOR = YES;
				GCC_WARN_UNINITIALIZED_AUTOS = YES_AGGRESSIVE;
				GCC_WARN_UNUSED_FUNCTION = YES;
				GCC_WARN_UNUSED_VARIABLE = YES;
				IPHONEOS_DEPLOYMENT_TARGET = 16.4;
				MTL_ENABLE_DEBUG_INFO = NO;
				MTL_FAST_MATH = YES;
				SDKROOT = iphoneos;
				SWIFT_COMPILATION_MODE = wholemodule;
				SWIFT_OPTIMIZATION_LEVEL = "-O";
				VALIDATE_PRODUCT = YES;
			};
			name = Release;
		};
		13884F2D2A929F250093778B /* Debug */ = {
			isa = XCBuildConfiguration;
			buildSettings = {
				ASSETCATALOG_COMPILER_APPICON_NAME = AppIcon;
				ASSETCATALOG_COMPILER_GLOBAL_ACCENT_COLOR_NAME = AccentColor;
				CODE_SIGN_STYLE = Automatic;
				CURRENT_PROJECT_VERSION = 1;
				GENERATE_INFOPLIST_FILE = YES;
				INFOPLIST_FILE = NewsM/Info.plist;
				INFOPLIST_KEY_UIApplicationSupportsIndirectInputEvents = YES;
				INFOPLIST_KEY_UILaunchStoryboardName = LaunchScreen;
				INFOPLIST_KEY_UIMainStoryboardFile = Main;
				INFOPLIST_KEY_UISupportedInterfaceOrientations_iPad = "UIInterfaceOrientationPortrait UIInterfaceOrientationPortraitUpsideDown UIInterfaceOrientationLandscapeLeft UIInterfaceOrientationLandscapeRight";
				INFOPLIST_KEY_UISupportedInterfaceOrientations_iPhone = "UIInterfaceOrientationPortrait UIInterfaceOrientationLandscapeLeft UIInterfaceOrientationLandscapeRight";
				LD_RUNPATH_SEARCH_PATHS = (
					"$(inherited)",
					"@executable_path/Frameworks",
				);
				MARKETING_VERSION = 1.0;
				PRODUCT_BUNDLE_IDENTIFIER = code.NewsM;
				PRODUCT_NAME = "$(TARGET_NAME)";
				SWIFT_EMIT_LOC_STRINGS = YES;
				SWIFT_VERSION = 5.0;
				TARGETED_DEVICE_FAMILY = "1,2";
			};
			name = Debug;
		};
		13884F2E2A929F250093778B /* Release */ = {
			isa = XCBuildConfiguration;
			buildSettings = {
				ASSETCATALOG_COMPILER_APPICON_NAME = AppIcon;
				ASSETCATALOG_COMPILER_GLOBAL_ACCENT_COLOR_NAME = AccentColor;
				CODE_SIGN_STYLE = Automatic;
				CURRENT_PROJECT_VERSION = 1;
				GENERATE_INFOPLIST_FILE = YES;
				INFOPLIST_FILE = NewsM/Info.plist;
				INFOPLIST_KEY_UIApplicationSupportsIndirectInputEvents = YES;
				INFOPLIST_KEY_UILaunchStoryboardName = LaunchScreen;
				INFOPLIST_KEY_UIMainStoryboardFile = Main;
				INFOPLIST_KEY_UISupportedInterfaceOrientations_iPad = "UIInterfaceOrientationPortrait UIInterfaceOrientationPortraitUpsideDown UIInterfaceOrientationLandscapeLeft UIInterfaceOrientationLandscapeRight";
				INFOPLIST_KEY_UISupportedInterfaceOrientations_iPhone = "UIInterfaceOrientationPortrait UIInterfaceOrientationLandscapeLeft UIInterfaceOrientationLandscapeRight";
				LD_RUNPATH_SEARCH_PATHS = (
					"$(inherited)",
					"@executable_path/Frameworks",
				);
				MARKETING_VERSION = 1.0;
				PRODUCT_BUNDLE_IDENTIFIER = code.NewsM;
				PRODUCT_NAME = "$(TARGET_NAME)";
				SWIFT_EMIT_LOC_STRINGS = YES;
				SWIFT_VERSION = 5.0;
				TARGETED_DEVICE_FAMILY = "1,2";
			};
			name = Release;
		};
		13884F302A929F250093778B /* Debug */ = {
			isa = XCBuildConfiguration;
			buildSettings = {
				ALWAYS_EMBED_SWIFT_STANDARD_LIBRARIES = YES;
				BUNDLE_LOADER = "$(TEST_HOST)";
				CODE_SIGN_STYLE = Automatic;
				CURRENT_PROJECT_VERSION = 1;
				GENERATE_INFOPLIST_FILE = YES;
				IPHONEOS_DEPLOYMENT_TARGET = 16.4;
				MARKETING_VERSION = 1.0;
				PRODUCT_BUNDLE_IDENTIFIER = code.NewsMTests;
				PRODUCT_NAME = "$(TARGET_NAME)";
				SWIFT_EMIT_LOC_STRINGS = NO;
				SWIFT_VERSION = 5.0;
				TARGETED_DEVICE_FAMILY = "1,2";
				TEST_HOST = "$(BUILT_PRODUCTS_DIR)/NewsM.app/$(BUNDLE_EXECUTABLE_FOLDER_PATH)/NewsM";
			};
			name = Debug;
		};
		13884F312A929F250093778B /* Release */ = {
			isa = XCBuildConfiguration;
			buildSettings = {
				ALWAYS_EMBED_SWIFT_STANDARD_LIBRARIES = YES;
				BUNDLE_LOADER = "$(TEST_HOST)";
				CODE_SIGN_STYLE = Automatic;
				CURRENT_PROJECT_VERSION = 1;
				GENERATE_INFOPLIST_FILE = YES;
				IPHONEOS_DEPLOYMENT_TARGET = 16.4;
				MARKETING_VERSION = 1.0;
				PRODUCT_BUNDLE_IDENTIFIER = code.NewsMTests;
				PRODUCT_NAME = "$(TARGET_NAME)";
				SWIFT_EMIT_LOC_STRINGS = NO;
				SWIFT_VERSION = 5.0;
				TARGETED_DEVICE_FAMILY = "1,2";
				TEST_HOST = "$(BUILT_PRODUCTS_DIR)/NewsM.app/$(BUNDLE_EXECUTABLE_FOLDER_PATH)/NewsM";
			};
			name = Release;
		};
		13884F332A929F250093778B /* Debug */ = {
			isa = XCBuildConfiguration;
			buildSettings = {
				ALWAYS_EMBED_SWIFT_STANDARD_LIBRARIES = YES;
				CODE_SIGN_STYLE = Automatic;
				CURRENT_PROJECT_VERSION = 1;
				GENERATE_INFOPLIST_FILE = YES;
				MARKETING_VERSION = 1.0;
				PRODUCT_BUNDLE_IDENTIFIER = code.NewsMUITests;
				PRODUCT_NAME = "$(TARGET_NAME)";
				SWIFT_EMIT_LOC_STRINGS = NO;
				SWIFT_VERSION = 5.0;
				TARGETED_DEVICE_FAMILY = "1,2";
				TEST_TARGET_NAME = NewsM;
			};
			name = Debug;
		};
		13884F342A929F250093778B /* Release */ = {
			isa = XCBuildConfiguration;
			buildSettings = {
				ALWAYS_EMBED_SWIFT_STANDARD_LIBRARIES = YES;
				CODE_SIGN_STYLE = Automatic;
				CURRENT_PROJECT_VERSION = 1;
				GENERATE_INFOPLIST_FILE = YES;
				MARKETING_VERSION = 1.0;
				PRODUCT_BUNDLE_IDENTIFIER = code.NewsMUITests;
				PRODUCT_NAME = "$(TARGET_NAME)";
				SWIFT_EMIT_LOC_STRINGS = NO;
				SWIFT_VERSION = 5.0;
				TARGETED_DEVICE_FAMILY = "1,2";
				TEST_TARGET_NAME = NewsM;
			};
			name = Release;
		};
/* End XCBuildConfiguration section */

/* Begin XCConfigurationList section */
		13884EFA2A929F240093778B /* Build configuration list for PBXProject "NewsM" */ = {
			isa = XCConfigurationList;
			buildConfigurations = (
				13884F2A2A929F250093778B /* Debug */,
				13884F2B2A929F250093778B /* Release */,
			);
			defaultConfigurationIsVisible = 0;
			defaultConfigurationName = Release;
		};
		13884F2C2A929F250093778B /* Build configuration list for PBXNativeTarget "NewsM" */ = {
			isa = XCConfigurationList;
			buildConfigurations = (
				13884F2D2A929F250093778B /* Debug */,
				13884F2E2A929F250093778B /* Release */,
			);
			defaultConfigurationIsVisible = 0;
			defaultConfigurationName = Release;
		};
		13884F2F2A929F250093778B /* Build configuration list for PBXNativeTarget "NewsMTests" */ = {
			isa = XCConfigurationList;
			buildConfigurations = (
				13884F302A929F250093778B /* Debug */,
				13884F312A929F250093778B /* Release */,
			);
			defaultConfigurationIsVisible = 0;
			defaultConfigurationName = Release;
		};
		13884F322A929F250093778B /* Build configuration list for PBXNativeTarget "NewsMUITests" */ = {
			isa = XCConfigurationList;
			buildConfigurations = (
				13884F332A929F250093778B /* Debug */,
				13884F342A929F250093778B /* Release */,
			);
			defaultConfigurationIsVisible = 0;
			defaultConfigurationName = Release;
		};
/* End XCConfigurationList section */

/* Begin XCVersionGroup section */
		13884F0B2A929F240093778B /* NewsM.xcdatamodeld */ = {
			isa = XCVersionGroup;
			children = (
				13884F0C2A929F240093778B /* NewsM.xcdatamodel */,
			);
			currentVersion = 13884F0C2A929F240093778B /* NewsM.xcdatamodel */;
			path = NewsM.xcdatamodeld;
			sourceTree = "<group>";
			versionGroupType = wrapper.xcdatamodel;
		};
/* End XCVersionGroup section */
	};
	rootObject = 13884EF72A929F240093778B /* Project object */;
}
