// !$*UTF8*$!
{
	archiveVersion = 1;
	classes = {
	};
	objectVersion = 56;
	objects = {

/* Begin PBXBuildFile section */
		133F88AE2A9360C2005267BF /* CustomTableViewCell.swift in Sources */ = {isa = PBXBuildFile; fileRef = 133F88AD2A9360C2005267BF /* CustomTableViewCell.swift */; };
		13884F032A929F240093778B /* AppDelegate.swift in Sources */ = {isa = PBXBuildFile; fileRef = 13884F022A929F240093778B /* AppDelegate.swift */; };
		13884F052A929F240093778B /* SceneDelegate.swift in Sources */ = {isa = PBXBuildFile; fileRef = 13884F042A929F240093778B /* SceneDelegate.swift */; };
		13884F0D2A929F240093778B /* NewsM.xcdatamodeld in Sources */ = {isa = PBXBuildFile; fileRef = 13884F0B2A929F240093778B /* NewsM.xcdatamodeld */; };
		13884F0F2A929F250093778B /* Assets.xcassets in Resources */ = {isa = PBXBuildFile; fileRef = 13884F0E2A929F250093778B /* Assets.xcassets */; };
		13884F1D2A929F250093778B /* NewsMTests.swift in Sources */ = {isa = PBXBuildFile; fileRef = 13884F1C2A929F250093778B /* NewsMTests.swift */; };
		13884F272A929F250093778B /* NewsMUITests.swift in Sources */ = {isa = PBXBuildFile; fileRef = 13884F262A929F250093778B /* NewsMUITests.swift */; };
		13884F292A929F250093778B /* NewsMUITestsLaunchTests.swift in Sources */ = {isa = PBXBuildFile; fileRef = 13884F282A929F250093778B /* NewsMUITestsLaunchTests.swift */; };
		13884F392A929FA20093778B /* MainTabBarController.swift in Sources */ = {isa = PBXBuildFile; fileRef = 13884F382A929FA20093778B /* MainTabBarController.swift */; };
		1389A1EB2A92B0F600ABE618 /* NewsManager.swift in Sources */ = {isa = PBXBuildFile; fileRef = 1389A1EA2A92B0F600ABE618 /* NewsManager.swift */; };
		1389A1ED2A92B5AB00ABE618 /* FavoritesViewController.swift in Sources */ = {isa = PBXBuildFile; fileRef = 1389A1EC2A92B5AB00ABE618 /* FavoritesViewController.swift */; };
		13B12D2F2A94F1F3008413F5 /* NewsModels.swift in Sources */ = {isa = PBXBuildFile; fileRef = 13B12D2E2A94F1F3008413F5 /* NewsModels.swift */; };
		13B7D0B92A93AB12004B3EEB /* WebViewController.swift in Sources */ = {isa = PBXBuildFile; fileRef = 13B7D0B82A93AB12004B3EEB /* WebViewController.swift */; };
		13CB0B2D2A92A3770041018C /* EmailedViewController.swift in Sources */ = {isa = PBXBuildFile; fileRef = 13CB0B2C2A92A3770041018C /* EmailedViewController.swift */; };
		13CB0B2F2A92A3860041018C /* SharedViewController.swift in Sources */ = {isa = PBXBuildFile; fileRef = 13CB0B2E2A92A3860041018C /* SharedViewController.swift */; };
		13CB0B312A92A39E0041018C /* ViewedViewController.swift in Sources */ = {isa = PBXBuildFile; fileRef = 13CB0B302A92A39E0041018C /* ViewedViewController.swift */; };
		B42836976C3BECACAF4383CC /* Pods_NewsMTests.framework in Frameworks */ = {isa = PBXBuildFile; fileRef = DCC4FDB33CBC2A59B707BED2 /* Pods_NewsMTests.framework */; };
		F7AF923EE6C2200AA3C48F42 /* Pods_NewsM.framework in Frameworks */ = {isa = PBXBuildFile; fileRef = CB8CAFC90209FDFB648EFC78 /* Pods_NewsM.framework */; };
		FCB93069F4E4F5DAEA652908 /* Pods_NewsM_NewsMUITests.framework in Frameworks */ = {isa = PBXBuildFile; fileRef = CB93D2EA4ECDB7B983F3BF4B /* Pods_NewsM_NewsMUITests.framework */; };
/* End PBXBuildFile section */

/* Begin PBXContainerItemProxy section */
		13884F192A929F250093778B /* PBXContainerItemProxy */ = {
			isa = PBXContainerItemProxy;
			containerPortal = 13884EF72A929F240093778B /* Project object */;
			proxyType = 1;
			remoteGlobalIDString = 13884EFE2A929F240093778B;
			remoteInfo = NewsM;
		};
		13884F232A929F250093778B /* PBXContainerItemProxy */ = {
			isa = PBXContainerItemProxy;
			containerPortal = 13884EF72A929F240093778B /* Project object */;
			proxyType = 1;
			remoteGlobalIDString = 13884EFE2A929F240093778B;
			remoteInfo = NewsM;
		};
/* End PBXContainerItemProxy section */

/* Begin PBXFileReference section */
		0997F935EEF71A7EC8E53956 /* Pods-NewsM.debug.xcconfig */ = {isa = PBXFileReference; includeInIndex = 1; lastKnownFileType = text.xcconfig; name = "Pods-NewsM.debug.xcconfig"; path = "Target Support Files/Pods-NewsM/Pods-NewsM.debug.xcconfig"; sourceTree = "<group>"; };
		133F88AD2A9360C2005267BF /* CustomTableViewCell.swift */ = {isa = PBXFileReference; lastKnownFileType = sourcecode.swift; path = CustomTableViewCell.swift; sourceTree = "<group>"; };
		13884EFF2A929F240093778B /* NewsM.app */ = {isa = PBXFileReference; explicitFileType = wrapper.application; includeInIndex = 0; path = NewsM.app; sourceTree = BUILT_PRODUCTS_DIR; };
		13884F022A929F240093778B /* AppDelegate.swift */ = {isa = PBXFileReference; lastKnownFileType = sourcecode.swift; path = AppDelegate.swift; sourceTree = "<group>"; };
		13884F042A929F240093778B /* SceneDelegate.swift */ = {isa = PBXFileReference; lastKnownFileType = sourcecode.swift; path = SceneDelegate.swift; sourceTree = "<group>"; };
		13884F0C2A929F240093778B /* NewsM.xcdatamodel */ = {isa = PBXFileReference; lastKnownFileType = wrapper.xcdatamodel; path = NewsM.xcdatamodel; sourceTree = "<group>"; };
		13884F0E2A929F250093778B /* Assets.xcassets */ = {isa = PBXFileReference; lastKnownFileType = folder.assetcatalog; path = Assets.xcassets; sourceTree = "<group>"; };
		13884F132A929F250093778B /* Info.plist */ = {isa = PBXFileReference; lastKnownFileType = text.plist.xml; path = Info.plist; sourceTree = "<group>"; };
		13884F182A929F250093778B /* NewsMTests.xctest */ = {isa = PBXFileReference; explicitFileType = wrapper.cfbundle; includeInIndex = 0; path = NewsMTests.xctest; sourceTree = BUILT_PRODUCTS_DIR; };
		13884F1C2A929F250093778B /* NewsMTests.swift */ = {isa = PBXFileReference; lastKnownFileType = sourcecode.swift; path = NewsMTests.swift; sourceTree = "<group>"; };
		13884F222A929F250093778B /* NewsMUITests.xctest */ = {isa = PBXFileReference; explicitFileType = wrapper.cfbundle; includeInIndex = 0; path = NewsMUITests.xctest; sourceTree = BUILT_PRODUCTS_DIR; };
		13884F262A929F250093778B /* NewsMUITests.swift */ = {isa = PBXFileReference; lastKnownFileType = sourcecode.swift; path = NewsMUITests.swift; sourceTree = "<group>"; };
		13884F282A929F250093778B /* NewsMUITestsLaunchTests.swift */ = {isa = PBXFileReference; lastKnownFileType = sourcecode.swift; path = NewsMUITestsLaunchTests.swift; sourceTree = "<group>"; };
		13884F382A929FA20093778B /* MainTabBarController.swift */ = {isa = PBXFileReference; lastKnownFileType = sourcecode.swift; path = MainTabBarController.swift; sourceTree = "<group>"; };
		1389A1EA2A92B0F600ABE618 /* NewsManager.swift */ = {isa = PBXFileReference; lastKnownFileType = sourcecode.swift; path = NewsManager.swift; sourceTree = "<group>"; };
		1389A1EC2A92B5AB00ABE618 /* FavoritesViewController.swift */ = {isa = PBXFileReference; lastKnownFileType = sourcecode.swift; path = FavoritesViewController.swift; sourceTree = "<group>"; };
		13B12D2E2A94F1F3008413F5 /* NewsModels.swift */ = {isa = PBXFileReference; lastKnownFileType = sourcecode.swift; path = NewsModels.swift; sourceTree = "<group>"; };
		13B7D0B82A93AB12004B3EEB /* WebViewController.swift */ = {isa = PBXFileReference; lastKnownFileType = sourcecode.swift; path = WebViewController.swift; sourceTree = "<group>"; };
		13CB0B2C2A92A3770041018C /* EmailedViewController.swift */ = {isa = PBXFileReference; lastKnownFileType = sourcecode.swift; path = EmailedViewController.swift; sourceTree = "<group>"; };
		13CB0B2E2A92A3860041018C /* SharedViewController.swift */ = {isa = PBXFileReference; lastKnownFileType = sourcecode.swift; path = SharedViewController.swift; sourceTree = "<group>"; };
		13CB0B302A92A39E0041018C /* ViewedViewController.swift */ = {isa = PBXFileReference; lastKnownFileType = sourcecode.swift; path = ViewedViewController.swift; sourceTree = "<group>"; };
		37BC403924005099991F18DE /* Pods-NewsM.release.xcconfig */ = {isa = PBXFileReference; includeInIndex = 1; lastKnownFileType = text.xcconfig; name = "Pods-NewsM.release.xcconfig"; path = "Target Support Files/Pods-NewsM/Pods-NewsM.release.xcconfig"; sourceTree = "<group>"; };
		54A95D3974253D68A06A6BA7 /* Pods-NewsM-NewsMUITests.release.xcconfig */ = {isa = PBXFileReference; includeInIndex = 1; lastKnownFileType = text.xcconfig; name = "Pods-NewsM-NewsMUITests.release.xcconfig"; path = "Target Support Files/Pods-NewsM-NewsMUITests/Pods-NewsM-NewsMUITests.release.xcconfig"; sourceTree = "<group>"; };
		58CCFADBB79FF3381277E4B7 /* Pods-NewsM-NewsMUITests.debug.xcconfig */ = {isa = PBXFileReference; includeInIndex = 1; lastKnownFileType = text.xcconfig; name = "Pods-NewsM-NewsMUITests.debug.xcconfig"; path = "Target Support Files/Pods-NewsM-NewsMUITests/Pods-NewsM-NewsMUITests.debug.xcconfig"; sourceTree = "<group>"; };
		CB8CAFC90209FDFB648EFC78 /* Pods_NewsM.framework */ = {isa = PBXFileReference; explicitFileType = wrapper.framework; includeInIndex = 0; path = Pods_NewsM.framework; sourceTree = BUILT_PRODUCTS_DIR; };
		CB93D2EA4ECDB7B983F3BF4B /* Pods_NewsM_NewsMUITests.framework */ = {isa = PBXFileReference; explicitFileType = wrapper.framework; includeInIndex = 0; path = Pods_NewsM_NewsMUITests.framework; sourceTree = BUILT_PRODUCTS_DIR; };
		DCC4FDB33CBC2A59B707BED2 /* Pods_NewsMTests.framework */ = {isa = PBXFileReference; explicitFileType = wrapper.framework; includeInIndex = 0; path = Pods_NewsMTests.framework; sourceTree = BUILT_PRODUCTS_DIR; };
		E0ED7406FDB100D0ADC8C25C /* Pods-NewsMTests.release.xcconfig */ = {isa = PBXFileReference; includeInIndex = 1; lastKnownFileType = text.xcconfig; name = "Pods-NewsMTests.release.xcconfig"; path = "Target Support Files/Pods-NewsMTests/Pods-NewsMTests.release.xcconfig"; sourceTree = "<group>"; };
		E34E5FD01812767EE928D694 /* Pods-NewsMTests.debug.xcconfig */ = {isa = PBXFileReference; includeInIndex = 1; lastKnownFileType = text.xcconfig; name = "Pods-NewsMTests.debug.xcconfig"; path = "Target Support Files/Pods-NewsMTests/Pods-NewsMTests.debug.xcconfig"; sourceTree = "<group>"; };
/* End PBXFileReference section */

/* Begin PBXFrameworksBuildPhase section */
		13884EFC2A929F240093778B /* Frameworks */ = {
			isa = PBXFrameworksBuildPhase;
			buildActionMask = 2147483647;
			files = (
				F7AF923EE6C2200AA3C48F42 /* Pods_NewsM.framework in Frameworks */,
			);
			runOnlyForDeploymentPostprocessing = 0;
		};
		13884F152A929F250093778B /* Frameworks */ = {
			isa = PBXFrameworksBuildPhase;
			buildActionMask = 2147483647;
			files = (
				B42836976C3BECACAF4383CC /* Pods_NewsMTests.framework in Frameworks */,
			);
			runOnlyForDeploymentPostprocessing = 0;
		};
		13884F1F2A929F250093778B /* Frameworks */ = {
			isa = PBXFrameworksBuildPhase;
			buildActionMask = 2147483647;
			files = (
				FCB93069F4E4F5DAEA652908 /* Pods_NewsM_NewsMUITests.framework in Frameworks */,
			);
			runOnlyForDeploymentPostprocessing = 0;
		};
/* End PBXFrameworksBuildPhase section */

/* Begin PBXGroup section */
		130B0E912A9548EB00E4A599 /* CoreData */ = {
			isa = PBXGroup;
			children = (
				13884F0B2A929F240093778B /* NewsM.xcdatamodeld */,
			);
			path = CoreData;
			sourceTree = "<group>";
		};
		133F88AC2A9360B3005267BF /* Cell */ = {
			isa = PBXGroup;
			children = (
				133F88AD2A9360C2005267BF /* CustomTableViewCell.swift */,
			);
			path = Cell;
			sourceTree = "<group>";
		};
		13884EF62A929F240093778B = {
			isa = PBXGroup;
			children = (
				13884F012A929F240093778B /* NewsM */,
				13884F1B2A929F250093778B /* NewsMTests */,
				13884F252A929F250093778B /* NewsMUITests */,
				13884F002A929F240093778B /* Products */,
				855DC40EE8389C0F9C6BC7A1 /* Pods */,
				9D6A137569CD7C85EC20A550 /* Frameworks */,
			);
			sourceTree = "<group>";
		};
		13884F002A929F240093778B /* Products */ = {
			isa = PBXGroup;
			children = (
				13884EFF2A929F240093778B /* NewsM.app */,
				13884F182A929F250093778B /* NewsMTests.xctest */,
				13884F222A929F250093778B /* NewsMUITests.xctest */,
			);
			name = Products;
			sourceTree = "<group>";
		};
		13884F012A929F240093778B /* NewsM */ = {
			isa = PBXGroup;
			children = (
				130B0E912A9548EB00E4A599 /* CoreData */,
				13B12D2D2A94F1E2008413F5 /* Models */,
				133F88AC2A9360B3005267BF /* Cell */,
				1389A1E92A92B0D400ABE618 /* Managers */,
				13884F362A929F730093778B /* Controllers */,
				13884F352A929F680093778B /* Application */,
				13884F372A929F8A0093778B /* Resources */,
			);
			path = NewsM;
			sourceTree = "<group>";
		};
		13884F1B2A929F250093778B /* NewsMTests */ = {
			isa = PBXGroup;
			children = (
				13884F1C2A929F250093778B /* NewsMTests.swift */,
			);
			path = NewsMTests;
			sourceTree = "<group>";
		};
		13884F252A929F250093778B /* NewsMUITests */ = {
			isa = PBXGroup;
			children = (
				13884F262A929F250093778B /* NewsMUITests.swift */,
				13884F282A929F250093778B /* NewsMUITestsLaunchTests.swift */,
			);
			path = NewsMUITests;
			sourceTree = "<group>";
		};
		13884F352A929F680093778B /* Application */ = {
			isa = PBXGroup;
			children = (
				13884F022A929F240093778B /* AppDelegate.swift */,
				13884F042A929F240093778B /* SceneDelegate.swift */,
			);
			path = Application;
			sourceTree = "<group>";
		};
		13884F362A929F730093778B /* Controllers */ = {
			isa = PBXGroup;
			children = (
				13884F382A929FA20093778B /* MainTabBarController.swift */,
				13CB0B2C2A92A3770041018C /* EmailedViewController.swift */,
				13CB0B2E2A92A3860041018C /* SharedViewController.swift */,
				13CB0B302A92A39E0041018C /* ViewedViewController.swift */,
				1389A1EC2A92B5AB00ABE618 /* FavoritesViewController.swift */,
				13B7D0B82A93AB12004B3EEB /* WebViewController.swift */,
			);
			path = Controllers;
			sourceTree = "<group>";
		};
		13884F372A929F8A0093778B /* Resources */ = {
			isa = PBXGroup;
			children = (
				13884F0E2A929F250093778B /* Assets.xcassets */,
				13884F132A929F250093778B /* Info.plist */,
			);
			path = Resources;
			sourceTree = "<group>";
		};
		1389A1E92A92B0D400ABE618 /* Managers */ = {
			isa = PBXGroup;
			children = (
				1389A1EA2A92B0F600ABE618 /* NewsManager.swift */,
			);
			path = Managers;
			sourceTree = "<group>";
		};
		13B12D2D2A94F1E2008413F5 /* Models */ = {
			isa = PBXGroup;
			children = (
				13B12D2E2A94F1F3008413F5 /* NewsModels.swift */,
			);
			path = Models;
			sourceTree = "<group>";
		};
		855DC40EE8389C0F9C6BC7A1 /* Pods */ = {
			isa = PBXGroup;
			children = (
				0997F935EEF71A7EC8E53956 /* Pods-NewsM.debug.xcconfig */,
				37BC403924005099991F18DE /* Pods-NewsM.release.xcconfig */,
				58CCFADBB79FF3381277E4B7 /* Pods-NewsM-NewsMUITests.debug.xcconfig */,
				54A95D3974253D68A06A6BA7 /* Pods-NewsM-NewsMUITests.release.xcconfig */,
				E34E5FD01812767EE928D694 /* Pods-NewsMTests.debug.xcconfig */,
				E0ED7406FDB100D0ADC8C25C /* Pods-NewsMTests.release.xcconfig */,
			);
			path = Pods;
			sourceTree = "<group>";
		};
		9D6A137569CD7C85EC20A550 /* Frameworks */ = {
			isa = PBXGroup;
			children = (
				CB8CAFC90209FDFB648EFC78 /* Pods_NewsM.framework */,
				CB93D2EA4ECDB7B983F3BF4B /* Pods_NewsM_NewsMUITests.framework */,
				DCC4FDB33CBC2A59B707BED2 /* Pods_NewsMTests.framework */,
			);
			name = Frameworks;
			sourceTree = "<group>";
		};
/* End PBXGroup section */

/* Begin PBXNativeTarget section */
		13884EFE2A929F240093778B /* NewsM */ = {
			isa = PBXNativeTarget;
			buildConfigurationList = 13884F2C2A929F250093778B /* Build configuration list for PBXNativeTarget "NewsM" */;
			buildPhases = (
				AD29B9FBD8D2EB0B493BEF31 /* [CP] Check Pods Manifest.lock */,
				13884EFB2A929F240093778B /* Sources */,
				13884EFC2A929F240093778B /* Frameworks */,
				13884EFD2A929F240093778B /* Resources */,
				C2EBBA403F7EE355C7E62A06 /* [CP] Embed Pods Frameworks */,
			);
			buildRules = (
			);
			dependencies = (
			);
			name = NewsM;
			productName = NewsM;
			productReference = 13884EFF2A929F240093778B /* NewsM.app */;
			productType = "com.apple.product-type.application";
		};
		13884F172A929F250093778B /* NewsMTests */ = {
			isa = PBXNativeTarget;
			buildConfigurationList = 13884F2F2A929F250093778B /* Build configuration list for PBXNativeTarget "NewsMTests" */;
			buildPhases = (
				2D54EB1EF67DABF713856DAA /* [CP] Check Pods Manifest.lock */,
				13884F142A929F250093778B /* Sources */,
				13884F152A929F250093778B /* Frameworks */,
				13884F162A929F250093778B /* Resources */,
			);
			buildRules = (
			);
			dependencies = (
				13884F1A2A929F250093778B /* PBXTargetDependency */,
			);
			name = NewsMTests;
			productName = NewsMTests;
			productReference = 13884F182A929F250093778B /* NewsMTests.xctest */;
			productType = "com.apple.product-type.bundle.unit-test";
		};
		13884F212A929F250093778B /* NewsMUITests */ = {
			isa = PBXNativeTarget;
			buildConfigurationList = 13884F322A929F250093778B /* Build configuration list for PBXNativeTarget "NewsMUITests" */;
			buildPhases = (
				31191B49794F505EDFA22EED /* [CP] Check Pods Manifest.lock */,
				13884F1E2A929F250093778B /* Sources */,
				13884F1F2A929F250093778B /* Frameworks */,
				13884F202A929F250093778B /* Resources */,
				8A770FAB1AF512E16C7126C7 /* [CP] Embed Pods Frameworks */,
			);
			buildRules = (
			);
			dependencies = (
				13884F242A929F250093778B /* PBXTargetDependency */,
			);
			name = NewsMUITests;
			productName = NewsMUITests;
			productReference = 13884F222A929F250093778B /* NewsMUITests.xctest */;
			productType = "com.apple.product-type.bundle.ui-testing";
		};
/* End PBXNativeTarget section */

/* Begin PBXProject section */
		13884EF72A929F240093778B /* Project object */ = {
			isa = PBXProject;
			attributes = {
				BuildIndependentTargetsInParallel = 1;
				LastSwiftUpdateCheck = 1430;
				LastUpgradeCheck = 1430;
				TargetAttributes = {
					13884EFE2A929F240093778B = {
						CreatedOnToolsVersion = 14.3.1;
					};
					13884F172A929F250093778B = {
						CreatedOnToolsVersion = 14.3.1;
						TestTargetID = 13884EFE2A929F240093778B;
					};
					13884F212A929F250093778B = {
						CreatedOnToolsVersion = 14.3.1;
						TestTargetID = 13884EFE2A929F240093778B;
					};
				};
			};
			buildConfigurationList = 13884EFA2A929F240093778B /* Build configuration list for PBXProject "NewsM" */;
			compatibilityVersion = "Xcode 14.0";
			developmentRegion = en;
			hasScannedForEncodings = 0;
			knownRegions = (
				en,
				Base,
			);
			mainGroup = 13884EF62A929F240093778B;
			productRefGroup = 13884F002A929F240093778B /* Products */;
			projectDirPath = "";
			projectRoot = "";
			targets = (
				13884EFE2A929F240093778B /* NewsM */,
				13884F172A929F250093778B /* NewsMTests */,
				13884F212A929F250093778B /* NewsMUITests */,
			);
		};
/* End PBXProject section */

/* Begin PBXResourcesBuildPhase section */
		13884EFD2A929F240093778B /* Resources */ = {
			isa = PBXResourcesBuildPhase;
			buildActionMask = 2147483647;
			files = (
				13884F0F2A929F250093778B /* Assets.xcassets in Resources */,
			);
			runOnlyForDeploymentPostprocessing = 0;
		};
		13884F162A929F250093778B /* Resources */ = {
			isa = PBXResourcesBuildPhase;
			buildActionMask = 2147483647;
			files = (
			);
			runOnlyForDeploymentPostprocessing = 0;
		};
		13884F202A929F250093778B /* Resources */ = {
			isa = PBXResourcesBuildPhase;
			buildActionMask = 2147483647;
			files = (
			);
			runOnlyForDeploymentPostprocessing = 0;
		};
/* End PBXResourcesBuildPhase section */

/* Begin PBXShellScriptBuildPhase section */
		2D54EB1EF67DABF713856DAA /* [CP] Check Pods Manifest.lock */ = {
			isa = PBXShellScriptBuildPhase;
			buildActionMask = 2147483647;
			files = (
			);
			inputFileListPaths = (
			);
			inputPaths = (
				"${PODS_PODFILE_DIR_PATH}/Podfile.lock",
				"${PODS_ROOT}/Manifest.lock",
			);
			name = "[CP] Check Pods Manifest.lock";
			outputFileListPaths = (
			);
			outputPaths = (
				"$(DERIVED_FILE_DIR)/Pods-NewsMTests-checkManifestLockResult.txt",
			);
			runOnlyForDeploymentPostprocessing = 0;
			shellPath = /bin/sh;
			shellScript = "diff \"${PODS_PODFILE_DIR_PATH}/Podfile.lock\" \"${PODS_ROOT}/Manifest.lock\" > /dev/null\nif [ $? != 0 ] ; then\n    # print error to STDERR\n    echo \"error: The sandbox is not in sync with the Podfile.lock. Run 'pod install' or update your CocoaPods installation.\" >&2\n    exit 1\nfi\n# This output is used by Xcode 'outputs' to avoid re-running this script phase.\necho \"SUCCESS\" > \"${SCRIPT_OUTPUT_FILE_0}\"\n";
			showEnvVarsInLog = 0;
		};
		31191B49794F505EDFA22EED /* [CP] Check Pods Manifest.lock */ = {
			isa = PBXShellScriptBuildPhase;
			buildActionMask = 2147483647;
			files = (
			);
			inputFileListPaths = (
			);
			inputPaths = (
				"${PODS_PODFILE_DIR_PATH}/Podfile.lock",
				"${PODS_ROOT}/Manifest.lock",
			);
			name = "[CP] Check Pods Manifest.lock";
			outputFileListPaths = (
			);
			outputPaths = (
				"$(DERIVED_FILE_DIR)/Pods-NewsM-NewsMUITests-checkManifestLockResult.txt",
			);
			runOnlyForDeploymentPostprocessing = 0;
			shellPath = /bin/sh;
			shellScript = "diff \"${PODS_PODFILE_DIR_PATH}/Podfile.lock\" \"${PODS_ROOT}/Manifest.lock\" > /dev/null\nif [ $? != 0 ] ; then\n    # print error to STDERR\n    echo \"error: The sandbox is not in sync with the Podfile.lock. Run 'pod install' or update your CocoaPods installation.\" >&2\n    exit 1\nfi\n# This output is used by Xcode 'outputs' to avoid re-running this script phase.\necho \"SUCCESS\" > \"${SCRIPT_OUTPUT_FILE_0}\"\n";
			showEnvVarsInLog = 0;
		};
		8A770FAB1AF512E16C7126C7 /* [CP] Embed Pods Frameworks */ = {
			isa = PBXShellScriptBuildPhase;
			buildActionMask = 2147483647;
			files = (
			);
			inputFileListPaths = (
				"${PODS_ROOT}/Target Support Files/Pods-NewsM-NewsMUITests/Pods-NewsM-NewsMUITests-frameworks-${CONFIGURATION}-input-files.xcfilelist",
			);
			name = "[CP] Embed Pods Frameworks";
			outputFileListPaths = (
				"${PODS_ROOT}/Target Support Files/Pods-NewsM-NewsMUITests/Pods-NewsM-NewsMUITests-frameworks-${CONFIGURATION}-output-files.xcfilelist",
			);
			runOnlyForDeploymentPostprocessing = 0;
			shellPath = /bin/sh;
			shellScript = "\"${PODS_ROOT}/Target Support Files/Pods-NewsM-NewsMUITests/Pods-NewsM-NewsMUITests-frameworks.sh\"\n";
			showEnvVarsInLog = 0;
		};
		AD29B9FBD8D2EB0B493BEF31 /* [CP] Check Pods Manifest.lock */ = {
			isa = PBXShellScriptBuildPhase;
			buildActionMask = 2147483647;
			files = (
			);
			inputFileListPaths = (
			);
			inputPaths = (
				"${PODS_PODFILE_DIR_PATH}/Podfile.lock",
				"${PODS_ROOT}/Manifest.lock",
			);
			name = "[CP] Check Pods Manifest.lock";
			outputFileListPaths = (
			);
			outputPaths = (
				"$(DERIVED_FILE_DIR)/Pods-NewsM-checkManifestLockResult.txt",
			);
			runOnlyForDeploymentPostprocessing = 0;
			shellPath = /bin/sh;
			shellScript = "diff \"${PODS_PODFILE_DIR_PATH}/Podfile.lock\" \"${PODS_ROOT}/Manifest.lock\" > /dev/null\nif [ $? != 0 ] ; then\n    # print error to STDERR\n    echo \"error: The sandbox is not in sync with the Podfile.lock. Run 'pod install' or update your CocoaPods installation.\" >&2\n    exit 1\nfi\n# This output is used by Xcode 'outputs' to avoid re-running this script phase.\necho \"SUCCESS\" > \"${SCRIPT_OUTPUT_FILE_0}\"\n";
			showEnvVarsInLog = 0;
		};
		C2EBBA403F7EE355C7E62A06 /* [CP] Embed Pods Frameworks */ = {
			isa = PBXShellScriptBuildPhase;
			buildActionMask = 2147483647;
			files = (
			);
			inputFileListPaths = (
				"${PODS_ROOT}/Target Support Files/Pods-NewsM/Pods-NewsM-frameworks-${CONFIGURATION}-input-files.xcfilelist",
			);
			name = "[CP] Embed Pods Frameworks";
			outputFileListPaths = (
				"${PODS_ROOT}/Target Support Files/Pods-NewsM/Pods-NewsM-frameworks-${CONFIGURATION}-output-files.xcfilelist",
			);
			runOnlyForDeploymentPostprocessing = 0;
			shellPath = /bin/sh;
			shellScript = "\"${PODS_ROOT}/Target Support Files/Pods-NewsM/Pods-NewsM-frameworks.sh\"\n";
			showEnvVarsInLog = 0;
		};
/* End PBXShellScriptBuildPhase section */

/* Begin PBXSourcesBuildPhase section */
		13884EFB2A929F240093778B /* Sources */ = {
			isa = PBXSourcesBuildPhase;
			buildActionMask = 2147483647;
			files = (
				13CB0B2D2A92A3770041018C /* EmailedViewController.swift in Sources */,
				13B7D0B92A93AB12004B3EEB /* WebViewController.swift in Sources */,
				1389A1ED2A92B5AB00ABE618 /* FavoritesViewController.swift in Sources */,
				13CB0B2F2A92A3860041018C /* SharedViewController.swift in Sources */,
				13B12D2F2A94F1F3008413F5 /* NewsModels.swift in Sources */,
				13CB0B312A92A39E0041018C /* ViewedViewController.swift in Sources */,
				13884F0D2A929F240093778B /* NewsM.xcdatamodeld in Sources */,
				133F88AE2A9360C2005267BF /* CustomTableViewCell.swift in Sources */,
				1389A1EB2A92B0F600ABE618 /* NewsManager.swift in Sources */,
				13884F032A929F240093778B /* AppDelegate.swift in Sources */,
				13884F052A929F240093778B /* SceneDelegate.swift in Sources */,
				13884F392A929FA20093778B /* MainTabBarController.swift in Sources */,
			);
			runOnlyForDeploymentPostprocessing = 0;
		};
		13884F142A929F250093778B /* Sources */ = {
			isa = PBXSourcesBuildPhase;
			buildActionMask = 2147483647;
			files = (
				13884F1D2A929F250093778B /* NewsMTests.swift in Sources */,
			);
			runOnlyForDeploymentPostprocessing = 0;
		};
		13884F1E2A929F250093778B /* Sources */ = {
			isa = PBXSourcesBuildPhase;
			buildActionMask = 2147483647;
			files = (
				13884F272A929F250093778B /* NewsMUITests.swift in Sources */,
				13884F292A929F250093778B /* NewsMUITestsLaunchTests.swift in Sources */,
			);
			runOnlyForDeploymentPostprocessing = 0;
		};
/* End PBXSourcesBuildPhase section */

/* Begin PBXTargetDependency section */
		13884F1A2A929F250093778B /* PBXTargetDependency */ = {
			isa = PBXTargetDependency;
			target = 13884EFE2A929F240093778B /* NewsM */;
			targetProxy = 13884F192A929F250093778B /* PBXContainerItemProxy */;
		};
		13884F242A929F250093778B /* PBXTargetDependency */ = {
			isa = PBXTargetDependency;
			target = 13884EFE2A929F240093778B /* NewsM */;
			targetProxy = 13884F232A929F250093778B /* PBXContainerItemProxy */;
		};
/* End PBXTargetDependency section */

/* Begin XCBuildConfiguration section */
		13884F2A2A929F250093778B /* Debug */ = {
			isa = XCBuildConfiguration;
			buildSettings = {
				ALWAYS_SEARCH_USER_PATHS = NO;
				CLANG_ANALYZER_NONNULL = YES;
				CLANG_ANALYZER_NUMBER_OBJECT_CONVERSION = YES_AGGRESSIVE;
				CLANG_CXX_LANGUAGE_STANDARD = "gnu++20";
				CLANG_ENABLE_MODULES = YES;
				CLANG_ENABLE_OBJC_ARC = YES;
				CLANG_ENABLE_OBJC_WEAK = YES;
				CLANG_WARN_BLOCK_CAPTURE_AUTORELEASING = YES;
				CLANG_WARN_BOOL_CONVERSION = YES;
				CLANG_WARN_COMMA = YES;
				CLANG_WARN_CONSTANT_CONVERSION = YES;
				CLANG_WARN_DEPRECATED_OBJC_IMPLEMENTATIONS = YES;
				CLANG_WARN_DIRECT_OBJC_ISA_USAGE = YES_ERROR;
				CLANG_WARN_DOCUMENTATION_COMMENTS = YES;
				CLANG_WARN_EMPTY_BODY = YES;
				CLANG_WARN_ENUM_CONVERSION = YES;
				CLANG_WARN_INFINITE_RECURSION = YES;
				CLANG_WARN_INT_CONVERSION = YES;
				CLANG_WARN_NON_LITERAL_NULL_CONVERSION = YES;
				CLANG_WARN_OBJC_IMPLICIT_RETAIN_SELF = YES;
				CLANG_WARN_OBJC_LITERAL_CONVERSION = YES;
				CLANG_WARN_OBJC_ROOT_CLASS = YES_ERROR;
				CLANG_WARN_QUOTED_INCLUDE_IN_FRAMEWORK_HEADER = YES;
				CLANG_WARN_RANGE_LOOP_ANALYSIS = YES;
				CLANG_WARN_STRICT_PROTOTYPES = YES;
				CLANG_WARN_SUSPICIOUS_MOVE = YES;
				CLANG_WARN_UNGUARDED_AVAILABILITY = YES_AGGRESSIVE;
				CLANG_WARN_UNREACHABLE_CODE = YES;
				CLANG_WARN__DUPLICATE_METHOD_MATCH = YES;
				COPY_PHASE_STRIP = NO;
				DEBUG_INFORMATION_FORMAT = dwarf;
				ENABLE_STRICT_OBJC_MSGSEND = YES;
				ENABLE_TESTABILITY = YES;
				GCC_C_LANGUAGE_STANDARD = gnu11;
				GCC_DYNAMIC_NO_PIC = NO;
				GCC_NO_COMMON_BLOCKS = YES;
				GCC_OPTIMIZATION_LEVEL = 0;
				GCC_PREPROCESSOR_DEFINITIONS = (
					"DEBUG=1",
					"$(inherited)",
				);
				GCC_WARN_64_TO_32_BIT_CONVERSION = YES;
				GCC_WARN_ABOUT_RETURN_TYPE = YES_ERROR;
				GCC_WARN_UNDECLARED_SELECTOR = YES;
				GCC_WARN_UNINITIALIZED_AUTOS = YES_AGGRESSIVE;
				GCC_WARN_UNUSED_FUNCTION = YES;
				GCC_WARN_UNUSED_VARIABLE = YES;
				IPHONEOS_DEPLOYMENT_TARGET = 13.0;
				MTL_ENABLE_DEBUG_INFO = INCLUDE_SOURCE;
				MTL_FAST_MATH = YES;
				ONLY_ACTIVE_ARCH = YES;
				SDKROOT = iphoneos;
				SWIFT_ACTIVE_COMPILATION_CONDITIONS = DEBUG;
				SWIFT_OPTIMIZATION_LEVEL = "-Onone";
			};
			name = Debug;
		};
		13884F2B2A929F250093778B /* Release */ = {
			isa = XCBuildConfiguration;
			buildSettings = {
				ALWAYS_SEARCH_USER_PATHS = NO;
				CLANG_ANALYZER_NONNULL = YES;
				CLANG_ANALYZER_NUMBER_OBJECT_CONVERSION = YES_AGGRESSIVE;
				CLANG_CXX_LANGUAGE_STANDARD = "gnu++20";
				CLANG_ENABLE_MODULES = YES;
				CLANG_ENABLE_OBJC_ARC = YES;
				CLANG_ENABLE_OBJC_WEAK = YES;
				CLANG_WARN_BLOCK_CAPTURE_AUTORELEASING = YES;
				CLANG_WARN_BOOL_CONVERSION = YES;
				CLANG_WARN_COMMA = YES;
				CLANG_WARN_CONSTANT_CONVERSION = YES;
				CLANG_WARN_DEPRECATED_OBJC_IMPLEMENTATIONS = YES;
				CLANG_WARN_DIRECT_OBJC_ISA_USAGE = YES_ERROR;
				CLANG_WARN_DOCUMENTATION_COMMENTS = YES;
				CLANG_WARN_EMPTY_BODY = YES;
				CLANG_WARN_ENUM_CONVERSION = YES;
				CLANG_WARN_INFINITE_RECURSION = YES;
				CLANG_WARN_INT_CONVERSION = YES;
				CLANG_WARN_NON_LITERAL_NULL_CONVERSION = YES;
				CLANG_WARN_OBJC_IMPLICIT_RETAIN_SELF = YES;
				CLANG_WARN_OBJC_LITERAL_CONVERSION = YES;
				CLANG_WARN_OBJC_ROOT_CLASS = YES_ERROR;
				CLANG_WARN_QUOTED_INCLUDE_IN_FRAMEWORK_HEADER = YES;
				CLANG_WARN_RANGE_LOOP_ANALYSIS = YES;
				CLANG_WARN_STRICT_PROTOTYPES = YES;
				CLANG_WARN_SUSPICIOUS_MOVE = YES;
				CLANG_WARN_UNGUARDED_AVAILABILITY = YES_AGGRESSIVE;
				CLANG_WARN_UNREACHABLE_CODE = YES;
				CLANG_WARN__DUPLICATE_METHOD_MATCH = YES;
				COPY_PHASE_STRIP = NO;
				DEBUG_INFORMATION_FORMAT = "dwarf-with-dsym";
				ENABLE_NS_ASSERTIONS = NO;
				ENABLE_STRICT_OBJC_MSGSEND = YES;
				GCC_C_LANGUAGE_STANDARD = gnu11;
				GCC_NO_COMMON_BLOCKS = YES;
				GCC_WARN_64_TO_32_BIT_CONVERSION = YES;
				GCC_WARN_ABOUT_RETURN_TYPE = YES_ERROR;
				GCC_WARN_UNDECLARED_SELECTOR = YES;
				GCC_WARN_UNINITIALIZED_AUTOS = YES_AGGRESSIVE;
				GCC_WARN_UNUSED_FUNCTION = YES;
				GCC_WARN_UNUSED_VARIABLE = YES;
				IPHONEOS_DEPLOYMENT_TARGET = 13.0;
				MTL_ENABLE_DEBUG_INFO = NO;
				MTL_FAST_MATH = YES;
				SDKROOT = iphoneos;
				SWIFT_COMPILATION_MODE = wholemodule;
				SWIFT_OPTIMIZATION_LEVEL = "-O";
				VALIDATE_PRODUCT = YES;
			};
			name = Release;
		};
		13884F2D2A929F250093778B /* Debug */ = {
			isa = XCBuildConfiguration;
			baseConfigurationReference = 0997F935EEF71A7EC8E53956 /* Pods-NewsM.debug.xcconfig */;
			buildSettings = {
				ASSETCATALOG_COMPILER_APPICON_NAME = AppIcon;
				ASSETCATALOG_COMPILER_GLOBAL_ACCENT_COLOR_NAME = AccentColor;
				CODE_SIGN_STYLE = Automatic;
				CURRENT_PROJECT_VERSION = 1;
				GENERATE_INFOPLIST_FILE = YES;
				INFOPLIST_FILE = NewsM/Resources/Info.plist;
				INFOPLIST_KEY_LSApplicationCategoryType = "public.app-category.news";
				INFOPLIST_KEY_UIApplicationSupportsIndirectInputEvents = YES;
				INFOPLIST_KEY_UILaunchStoryboardName = LaunchScreen;
				INFOPLIST_KEY_UIMainStoryboardFile = "";
				INFOPLIST_KEY_UIStatusBarHidden = NO;
				INFOPLIST_KEY_UIStatusBarStyle = UIStatusBarStyleDarkContent;
				INFOPLIST_KEY_UISupportedInterfaceOrientations = UIInterfaceOrientationPortrait;
				INFOPLIST_KEY_UISupportedInterfaceOrientations_iPad = "UIInterfaceOrientationLandscapeLeft UIInterfaceOrientationLandscapeRight UIInterfaceOrientationPortrait UIInterfaceOrientationPortraitUpsideDown";
				IPHONEOS_DEPLOYMENT_TARGET = 13.0;
				LD_RUNPATH_SEARCH_PATHS = (
					"$(inherited)",
					"@executable_path/Frameworks",
				);
				MARKETING_VERSION = 1.0;
				PRODUCT_BUNDLE_IDENTIFIER = code.NewsM;
				PRODUCT_NAME = "$(TARGET_NAME)";
				SUPPORTED_PLATFORMS = "iphoneos iphonesimulator";
				SUPPORTS_MACCATALYST = NO;
				SUPPORTS_MAC_DESIGNED_FOR_IPHONE_IPAD = NO;
				SWIFT_EMIT_LOC_STRINGS = YES;
				SWIFT_VERSION = 5.0;
				TARGETED_DEVICE_FAMILY = 1;
			};
			name = Debug;
		};
		13884F2E2A929F250093778B /* Release */ = {
			isa = XCBuildConfiguration;
			baseConfigurationReference = 37BC403924005099991F18DE /* Pods-NewsM.release.xcconfig */;
			buildSettings = {
				ASSETCATALOG_COMPILER_APPICON_NAME = AppIcon;
				ASSETCATALOG_COMPILER_GLOBAL_ACCENT_COLOR_NAME = AccentColor;
				CODE_SIGN_STYLE = Automatic;
				CURRENT_PROJECT_VERSION = 1;
				GENERATE_INFOPLIST_FILE = YES;
				INFOPLIST_FILE = NewsM/Resources/Info.plist;
				INFOPLIST_KEY_LSApplicationCategoryType = "public.app-category.news";
				INFOPLIST_KEY_UIApplicationSupportsIndirectInputEvents = YES;
				INFOPLIST_KEY_UILaunchStoryboardName = LaunchScreen;
				INFOPLIST_KEY_UIMainStoryboardFile = "";
				INFOPLIST_KEY_UIStatusBarHidden = NO;
				INFOPLIST_KEY_UIStatusBarStyle = UIStatusBarStyleDarkContent;
				INFOPLIST_KEY_UISupportedInterfaceOrientations = UIInterfaceOrientationPortrait;
				INFOPLIST_KEY_UISupportedInterfaceOrientations_iPad = "UIInterfaceOrientationLandscapeLeft UIInterfaceOrientationLandscapeRight UIInterfaceOrientationPortrait UIInterfaceOrientationPortraitUpsideDown";
				IPHONEOS_DEPLOYMENT_TARGET = 13.0;
				LD_RUNPATH_SEARCH_PATHS = (
					"$(inherited)",
					"@executable_path/Frameworks",
				);
				MARKETING_VERSION = 1.0;
				PRODUCT_BUNDLE_IDENTIFIER = code.NewsM;
				PRODUCT_NAME = "$(TARGET_NAME)";
				SUPPORTED_PLATFORMS = "iphoneos iphonesimulator";
				SUPPORTS_MACCATALYST = NO;
				SUPPORTS_MAC_DESIGNED_FOR_IPHONE_IPAD = NO;
				SWIFT_EMIT_LOC_STRINGS = YES;
				SWIFT_VERSION = 5.0;
				TARGETED_DEVICE_FAMILY = 1;
			};
			name = Release;
		};
		13884F302A929F250093778B /* Debug */ = {
			isa = XCBuildConfiguration;
			baseConfigurationReference = E34E5FD01812767EE928D694 /* Pods-NewsMTests.debug.xcconfig */;
			buildSettings = {
				ALWAYS_EMBED_SWIFT_STANDARD_LIBRARIES = YES;
				BUNDLE_LOADER = "$(TEST_HOST)";
				CODE_SIGN_STYLE = Automatic;
				CURRENT_PROJECT_VERSION = 1;
				GENERATE_INFOPLIST_FILE = YES;
				IPHONEOS_DEPLOYMENT_TARGET = 16.4;
				MARKETING_VERSION = 1.0;
				PRODUCT_BUNDLE_IDENTIFIER = code.NewsMTests;
				PRODUCT_NAME = "$(TARGET_NAME)";
				SUPPORTED_PLATFORMS = "iphoneos iphonesimulator";
				SUPPORTS_MACCATALYST = NO;
				SUPPORTS_MAC_DESIGNED_FOR_IPHONE_IPAD = NO;
				SWIFT_EMIT_LOC_STRINGS = NO;
				SWIFT_VERSION = 5.0;
				TARGETED_DEVICE_FAMILY = 1;
				TEST_HOST = "$(BUILT_PRODUCTS_DIR)/NewsM.app/$(BUNDLE_EXECUTABLE_FOLDER_PATH)/NewsM";
			};
			name = Debug;
		};
		13884F312A929F250093778B /* Release */ = {
			isa = XCBuildConfiguration;
			baseConfigurationReference = E0ED7406FDB100D0ADC8C25C /* Pods-NewsMTests.release.xcconfig */;
			buildSettings = {
				ALWAYS_EMBED_SWIFT_STANDARD_LIBRARIES = YES;
				BUNDLE_LOADER = "$(TEST_HOST)";
				CODE_SIGN_STYLE = Automatic;
				CURRENT_PROJECT_VERSION = 1;
				GENERATE_INFOPLIST_FILE = YES;
				IPHONEOS_DEPLOYMENT_TARGET = 16.4;
				MARKETING_VERSION = 1.0;
				PRODUCT_BUNDLE_IDENTIFIER = code.NewsMTests;
				PRODUCT_NAME = "$(TARGET_NAME)";
				SUPPORTED_PLATFORMS = "iphoneos iphonesimulator";
				SUPPORTS_MACCATALYST = NO;
				SUPPORTS_MAC_DESIGNED_FOR_IPHONE_IPAD = NO;
				SWIFT_EMIT_LOC_STRINGS = NO;
				SWIFT_VERSION = 5.0;
				TARGETED_DEVICE_FAMILY = 1;
				TEST_HOST = "$(BUILT_PRODUCTS_DIR)/NewsM.app/$(BUNDLE_EXECUTABLE_FOLDER_PATH)/NewsM";
			};
			name = Release;
		};
		13884F332A929F250093778B /* Debug */ = {
			isa = XCBuildConfiguration;
			baseConfigurationReference = 58CCFADBB79FF3381277E4B7 /* Pods-NewsM-NewsMUITests.debug.xcconfig */;
			buildSettings = {
				ALWAYS_EMBED_SWIFT_STANDARD_LIBRARIES = YES;
				CODE_SIGN_STYLE = Automatic;
				CURRENT_PROJECT_VERSION = 1;
				GENERATE_INFOPLIST_FILE = YES;
				MARKETING_VERSION = 1.0;
				PRODUCT_BUNDLE_IDENTIFIER = code.NewsMUITests;
				PRODUCT_NAME = "$(TARGET_NAME)";
				SUPPORTED_PLATFORMS = "iphoneos iphonesimulator";
				SUPPORTS_MACCATALYST = NO;
				SUPPORTS_MAC_DESIGNED_FOR_IPHONE_IPAD = NO;
				SWIFT_EMIT_LOC_STRINGS = NO;
				SWIFT_VERSION = 5.0;
				TARGETED_DEVICE_FAMILY = 1;
				TEST_TARGET_NAME = NewsM;
			};
			name = Debug;
		};
		13884F342A929F250093778B /* Release */ = {
			isa = XCBuildConfiguration;
			baseConfigurationReference = 54A95D3974253D68A06A6BA7 /* Pods-NewsM-NewsMUITests.release.xcconfig */;
			buildSettings = {
				ALWAYS_EMBED_SWIFT_STANDARD_LIBRARIES = YES;
				CODE_SIGN_STYLE = Automatic;
				CURRENT_PROJECT_VERSION = 1;
				GENERATE_INFOPLIST_FILE = YES;
				MARKETING_VERSION = 1.0;
				PRODUCT_BUNDLE_IDENTIFIER = code.NewsMUITests;
				PRODUCT_NAME = "$(TARGET_NAME)";
				SUPPORTED_PLATFORMS = "iphoneos iphonesimulator";
				SUPPORTS_MACCATALYST = NO;
				SUPPORTS_MAC_DESIGNED_FOR_IPHONE_IPAD = NO;
				SWIFT_EMIT_LOC_STRINGS = NO;
				SWIFT_VERSION = 5.0;
				TARGETED_DEVICE_FAMILY = 1;
				TEST_TARGET_NAME = NewsM;
			};
			name = Release;
		};
/* End XCBuildConfiguration section */

/* Begin XCConfigurationList section */
		13884EFA2A929F240093778B /* Build configuration list for PBXProject "NewsM" */ = {
			isa = XCConfigurationList;
			buildConfigurations = (
				13884F2A2A929F250093778B /* Debug */,
				13884F2B2A929F250093778B /* Release */,
			);
			defaultConfigurationIsVisible = 0;
			defaultConfigurationName = Release;
		};
		13884F2C2A929F250093778B /* Build configuration list for PBXNativeTarget "NewsM" */ = {
			isa = XCConfigurationList;
			buildConfigurations = (
				13884F2D2A929F250093778B /* Debug */,
				13884F2E2A929F250093778B /* Release */,
			);
			defaultConfigurationIsVisible = 0;
			defaultConfigurationName = Release;
		};
		13884F2F2A929F250093778B /* Build configuration list for PBXNativeTarget "NewsMTests" */ = {
			isa = XCConfigurationList;
			buildConfigurations = (
				13884F302A929F250093778B /* Debug */,
				13884F312A929F250093778B /* Release */,
			);
			defaultConfigurationIsVisible = 0;
			defaultConfigurationName = Release;
		};
		13884F322A929F250093778B /* Build configuration list for PBXNativeTarget "NewsMUITests" */ = {
			isa = XCConfigurationList;
			buildConfigurations = (
				13884F332A929F250093778B /* Debug */,
				13884F342A929F250093778B /* Release */,
			);
			defaultConfigurationIsVisible = 0;
			defaultConfigurationName = Release;
		};
/* End XCConfigurationList section */

/* Begin XCVersionGroup section */
		13884F0B2A929F240093778B /* NewsM.xcdatamodeld */ = {
			isa = XCVersionGroup;
			children = (
				13884F0C2A929F240093778B /* NewsM.xcdatamodel */,
			);
			currentVersion = 13884F0C2A929F240093778B /* NewsM.xcdatamodel */;
			path = NewsM.xcdatamodeld;
			sourceTree = "<group>";
			versionGroupType = wrapper.xcdatamodel;
		};
/* End XCVersionGroup section */
	};
	rootObject = 13884EF72A929F240093778B /* Project object */;
}
